
Microsoft Visual Studio Solution File, Format Version 12.00
# Visual Studio 15
VisualStudioVersion = 15.0.26730.16
MinimumVisualStudioVersion = 10.0.40219.1
Project("{8BC9CEB8-8B4A-11D0-8D11-00A0C91BC942}") = "RB Tree", "RB Tree\RB Tree.vcxproj", "{370576A2-D0C3-4AAE-BAA5-9A0B45563F5A}"
EndProject
Global
	GlobalSection(SolutionConfigurationPlatforms) = preSolution
		Debug|x64 = Debug|x64
		Debug|x86 = Debug|x86
		Release|x64 = Release|x64
		Release|x86 = Release|x86
	EndGlobalSection
	GlobalSection(ProjectConfigurationPlatforms) = postSolution
		{370576A2-D0C3-4AAE-BAA5-9A0B45563F5A}.Debug|x64.ActiveCfg = Debug|x64
		{370576A2-D0C3-4AAE-BAA5-9A0B45563F5A}.Debug|x64.Build.0 = Debug|x64
		{370576A2-D0C3-4AAE-BAA5-9A0B45563F5A}.Debug|x86.ActiveCfg = Debug|Win32
		{370576A2-D0C3-4AAE-BAA5-9A0B45563F5A}.Debug|x86.Build.0 = Debug|Win32
		{370576A2-D0C3-4AAE-BAA5-9A0B45563F5A}.Release|x64.ActiveCfg = Release|x64
		{370576A2-D0C3-4AAE-BAA5-9A0B45563F5A}.Release|x64.Build.0 = Release|x64
		{370576A2-D0C3-4AAE-BAA5-9A0B45563F5A}.Release|x86.ActiveCfg = Release|Win32
		{370576A2-D0C3-4AAE-BAA5-9A0B45563F5A}.Release|x86.Build.0 = Release|Win32
	EndGlobalSection
	GlobalSection(SolutionProperties) = preSolution
		HideSolutionNode = FALSE
	EndGlobalSection
	GlobalSection(ExtensibilityGlobals) = postSolution
		SolutionGuid = {A18D1026-39B4-4BCF-81CA-99B4A8ED10D3}
	EndGlobalSection
EndGlobal
