
Microsoft Visual Studio Solution File, Format Version 12.00
# Visual Studio 15
VisualStudioVersion = 15.0.26730.16
MinimumVisualStudioVersion = 10.0.40219.1
Project("{8BC9CEB8-8B4A-11D0-8D11-00A0C91BC942}") = "Lab4", "Lab4\Lab4.vcxproj", "{AF85115B-133D-41BC-B88C-DF3E4190CE15}"
EndProject
Global
	GlobalSection(SolutionConfigurationPlatforms) = preSolution
		Debug|x64 = Debug|x64
		Debug|x86 = Debug|x86
		Release|x64 = Release|x64
		Release|x86 = Release|x86
	EndGlobalSection
	GlobalSection(ProjectConfigurationPlatforms) = postSolution
		{AF85115B-133D-41BC-B88C-DF3E4190CE15}.Debug|x64.ActiveCfg = Debug|x64
		{AF85115B-133D-41BC-B88C-DF3E4190CE15}.Debug|x64.Build.0 = Debug|x64
		{AF85115B-133D-41BC-B88C-DF3E4190CE15}.Debug|x86.ActiveCfg = Debug|Win32
		{AF85115B-133D-41BC-B88C-DF3E4190CE15}.Debug|x86.Build.0 = Debug|Win32
		{AF85115B-133D-41BC-B88C-DF3E4190CE15}.Release|x64.ActiveCfg = Release|x64
		{AF85115B-133D-41BC-B88C-DF3E4190CE15}.Release|x64.Build.0 = Release|x64
		{AF85115B-133D-41BC-B88C-DF3E4190CE15}.Release|x86.ActiveCfg = Release|Win32
		{AF85115B-133D-41BC-B88C-DF3E4190CE15}.Release|x86.Build.0 = Release|Win32
	EndGlobalSection
	GlobalSection(SolutionProperties) = preSolution
		HideSolutionNode = FALSE
	EndGlobalSection
	GlobalSection(ExtensibilityGlobals) = postSolution
		SolutionGuid = {44710EEC-E790-477C-B8E3-B050B107C638}
	EndGlobalSection
EndGlobal
