# This file was autogenerated by Stack.
# You should not edit this file by hand.
# For more information, please see the documentation at:
#   https://docs.haskellstack.org/en/stable/lock_files

packages:
- completed:
    hackage: containers-0.6.2.1@sha256:bbc3d2d5eef59a5d26383fb4b727c968390f2b6e9bd413d29aa875175bb16f8b,2460
    pantry-tree:
      size: 2823
      sha256: 5bb0af2da4e4cc5472a17063ecdbda8f1117e5f3509fcd600f2cbd7e2b760f49
  original:
    hackage: containers-0.6.2.1
- completed:
    hackage: time-1.9.3@sha256:8f1b5448722a12a952248b356c9eb366e351226543d9086a2da71270522d5f45,5679
    pantry-tree:
      size: 6558
      sha256: a1043c1719491764f0fa37a1fd70d9451080548a41632fee88d8e1b8db4942d6
  original:
    hackage: time-1.9.3
snapshots:
- completed:
    size: 567037
    url: https://raw.githubusercontent.com/commercialhaskell/stackage-snapshots/master/lts/17/9.yaml
    sha256: d7d8d5106e53d1669964bd8bd2b0f88a5ad192d772f5376384b76738fd992311
  original:
    url: https://raw.githubusercontent.com/commercialhaskell/stackage-snapshots/master/lts/17/9.yaml
