
Microsoft Visual Studio Solution File, Format Version 12.00
# Visual Studio 15
VisualStudioVersion = 15.0.26730.16
MinimumVisualStudioVersion = 10.0.40219.1
Project("{8BC9CEB8-8B4A-11D0-8D11-00A0C91BC942}") = "Task4", "Task4\Task4.vcxproj", "{E6B75DCB-3D95-4168-A056-31EB70D92FEB}"
EndProject
Global
	GlobalSection(SolutionConfigurationPlatforms) = preSolution
		Debug|x64 = Debug|x64
		Debug|x86 = Debug|x86
		Release|x64 = Release|x64
		Release|x86 = Release|x86
	EndGlobalSection
	GlobalSection(ProjectConfigurationPlatforms) = postSolution
		{E6B75DCB-3D95-4168-A056-31EB70D92FEB}.Debug|x64.ActiveCfg = Debug|x64
		{E6B75DCB-3D95-4168-A056-31EB70D92FEB}.Debug|x64.Build.0 = Debug|x64
		{E6B75DCB-3D95-4168-A056-31EB70D92FEB}.Debug|x86.ActiveCfg = Debug|Win32
		{E6B75DCB-3D95-4168-A056-31EB70D92FEB}.Debug|x86.Build.0 = Debug|Win32
		{E6B75DCB-3D95-4168-A056-31EB70D92FEB}.Release|x64.ActiveCfg = Release|x64
		{E6B75DCB-3D95-4168-A056-31EB70D92FEB}.Release|x64.Build.0 = Release|x64
		{E6B75DCB-3D95-4168-A056-31EB70D92FEB}.Release|x86.ActiveCfg = Release|Win32
		{E6B75DCB-3D95-4168-A056-31EB70D92FEB}.Release|x86.Build.0 = Release|Win32
	EndGlobalSection
	GlobalSection(SolutionProperties) = preSolution
		HideSolutionNode = FALSE
	EndGlobalSection
	GlobalSection(ExtensibilityGlobals) = postSolution
		SolutionGuid = {F7B003EA-B23E-49FB-9BC5-3E4920489DAE}
	EndGlobalSection
EndGlobal
