
Microsoft Visual Studio Solution File, Format Version 12.00
# Visual Studio Version 16
VisualStudioVersion = 16.0.29411.108
MinimumVisualStudioVersion = 10.0.40219.1
Project("{8BC9CEB8-8B4A-11D0-8D11-00A0C91BC942}") = "Lab2", "Lab2\Lab2.vcxproj", "{1283349F-5791-46B0-9EB3-B9D3C7FC820B}"
EndProject
Global
	GlobalSection(SolutionConfigurationPlatforms) = preSolution
		Debug|x64 = Debug|x64
		Debug|x86 = Debug|x86
		Release|x64 = Release|x64
		Release|x86 = Release|x86
	EndGlobalSection
	GlobalSection(ProjectConfigurationPlatforms) = postSolution
		{1283349F-5791-46B0-9EB3-B9D3C7FC820B}.Debug|x64.ActiveCfg = Debug|x64
		{1283349F-5791-46B0-9EB3-B9D3C7FC820B}.Debug|x64.Build.0 = Debug|x64
		{1283349F-5791-46B0-9EB3-B9D3C7FC820B}.Debug|x86.ActiveCfg = Debug|Win32
		{1283349F-5791-46B0-9EB3-B9D3C7FC820B}.Debug|x86.Build.0 = Debug|Win32
		{1283349F-5791-46B0-9EB3-B9D3C7FC820B}.Release|x64.ActiveCfg = Release|x64
		{1283349F-5791-46B0-9EB3-B9D3C7FC820B}.Release|x64.Build.0 = Release|x64
		{1283349F-5791-46B0-9EB3-B9D3C7FC820B}.Release|x86.ActiveCfg = Release|Win32
		{1283349F-5791-46B0-9EB3-B9D3C7FC820B}.Release|x86.Build.0 = Release|Win32
	EndGlobalSection
	GlobalSection(SolutionProperties) = preSolution
		HideSolutionNode = FALSE
	EndGlobalSection
	GlobalSection(ExtensibilityGlobals) = postSolution
		SolutionGuid = {49774CE0-4B29-450E-96A8-0EA7E9F01F19}
	EndGlobalSection
EndGlobal
