
Microsoft Visual Studio Solution File, Format Version 12.00
# Visual Studio 15
VisualStudioVersion = 15.0.26730.16
MinimumVisualStudioVersion = 10.0.40219.1
Project("{8BC9CEB8-8B4A-11D0-8D11-00A0C91BC942}") = "Lab3", "Lab3\Lab3.vcxproj", "{D7D75D36-6525-4FDC-9DEF-52F5239651E2}"
EndProject
Global
	GlobalSection(SolutionConfigurationPlatforms) = preSolution
		Debug|x64 = Debug|x64
		Debug|x86 = Debug|x86
		Release|x64 = Release|x64
		Release|x86 = Release|x86
	EndGlobalSection
	GlobalSection(ProjectConfigurationPlatforms) = postSolution
		{D7D75D36-6525-4FDC-9DEF-52F5239651E2}.Debug|x64.ActiveCfg = Debug|x64
		{D7D75D36-6525-4FDC-9DEF-52F5239651E2}.Debug|x64.Build.0 = Debug|x64
		{D7D75D36-6525-4FDC-9DEF-52F5239651E2}.Debug|x86.ActiveCfg = Debug|Win32
		{D7D75D36-6525-4FDC-9DEF-52F5239651E2}.Debug|x86.Build.0 = Debug|Win32
		{D7D75D36-6525-4FDC-9DEF-52F5239651E2}.Release|x64.ActiveCfg = Release|x64
		{D7D75D36-6525-4FDC-9DEF-52F5239651E2}.Release|x64.Build.0 = Release|x64
		{D7D75D36-6525-4FDC-9DEF-52F5239651E2}.Release|x86.ActiveCfg = Release|Win32
		{D7D75D36-6525-4FDC-9DEF-52F5239651E2}.Release|x86.Build.0 = Release|Win32
	EndGlobalSection
	GlobalSection(SolutionProperties) = preSolution
		HideSolutionNode = FALSE
	EndGlobalSection
	GlobalSection(ExtensibilityGlobals) = postSolution
		SolutionGuid = {F958FA73-FE83-48EF-9E49-A72D3756D300}
	EndGlobalSection
EndGlobal
