
Microsoft Visual Studio Solution File, Format Version 12.00
# Visual Studio Version 16
VisualStudioVersion = 16.0.29411.108
MinimumVisualStudioVersion = 10.0.40219.1
Project("{8BC9CEB8-8B4A-11D0-8D11-00A0C91BC942}") = "Lexer", "Lexer\Lexer.vcxproj", "{54EED072-F98C-4CA5-9232-DEB99E939097}"
EndProject
Global
	GlobalSection(SolutionConfigurationPlatforms) = preSolution
		Debug|x64 = Debug|x64
		Debug|x86 = Debug|x86
		Release|x64 = Release|x64
		Release|x86 = Release|x86
	EndGlobalSection
	GlobalSection(ProjectConfigurationPlatforms) = postSolution
		{54EED072-F98C-4CA5-9232-DEB99E939097}.Debug|x64.ActiveCfg = Debug|x64
		{54EED072-F98C-4CA5-9232-DEB99E939097}.Debug|x64.Build.0 = Debug|x64
		{54EED072-F98C-4CA5-9232-DEB99E939097}.Debug|x86.ActiveCfg = Debug|Win32
		{54EED072-F98C-4CA5-9232-DEB99E939097}.Debug|x86.Build.0 = Debug|Win32
		{54EED072-F98C-4CA5-9232-DEB99E939097}.Release|x64.ActiveCfg = Release|x64
		{54EED072-F98C-4CA5-9232-DEB99E939097}.Release|x64.Build.0 = Release|x64
		{54EED072-F98C-4CA5-9232-DEB99E939097}.Release|x86.ActiveCfg = Release|Win32
		{54EED072-F98C-4CA5-9232-DEB99E939097}.Release|x86.Build.0 = Release|Win32
	EndGlobalSection
	GlobalSection(SolutionProperties) = preSolution
		HideSolutionNode = FALSE
	EndGlobalSection
	GlobalSection(ExtensibilityGlobals) = postSolution
		SolutionGuid = {2E646DED-C1DF-4999-9A4D-DD282F8ACC73}
	EndGlobalSection
EndGlobal
