
Microsoft Visual Studio Solution File, Format Version 12.00
# Visual Studio 15
VisualStudioVersion = 15.0.26730.16
MinimumVisualStudioVersion = 10.0.40219.1
Project("{8BC9CEB8-8B4A-11D0-8D11-00A0C91BC942}") = "Persisent_Set", "Persisent_Set\Persisent_Set.vcxproj", "{13B48629-03F4-4BA5-B5E4-2149DB62590A}"
EndProject
Global
	GlobalSection(SolutionConfigurationPlatforms) = preSolution
		Debug|x64 = Debug|x64
		Debug|x86 = Debug|x86
		Release|x64 = Release|x64
		Release|x86 = Release|x86
	EndGlobalSection
	GlobalSection(ProjectConfigurationPlatforms) = postSolution
		{13B48629-03F4-4BA5-B5E4-2149DB62590A}.Debug|x64.ActiveCfg = Debug|x64
		{13B48629-03F4-4BA5-B5E4-2149DB62590A}.Debug|x64.Build.0 = Debug|x64
		{13B48629-03F4-4BA5-B5E4-2149DB62590A}.Debug|x86.ActiveCfg = Debug|Win32
		{13B48629-03F4-4BA5-B5E4-2149DB62590A}.Debug|x86.Build.0 = Debug|Win32
		{13B48629-03F4-4BA5-B5E4-2149DB62590A}.Release|x64.ActiveCfg = Release|x64
		{13B48629-03F4-4BA5-B5E4-2149DB62590A}.Release|x64.Build.0 = Release|x64
		{13B48629-03F4-4BA5-B5E4-2149DB62590A}.Release|x86.ActiveCfg = Release|Win32
		{13B48629-03F4-4BA5-B5E4-2149DB62590A}.Release|x86.Build.0 = Release|Win32
	EndGlobalSection
	GlobalSection(SolutionProperties) = preSolution
		HideSolutionNode = FALSE
	EndGlobalSection
	GlobalSection(ExtensibilityGlobals) = postSolution
		SolutionGuid = {BE8B1B2E-FCD1-4C99-A393-4AA59CD79221}
	EndGlobalSection
EndGlobal
