# This file was autogenerated by Stack.
# You should not edit this file by hand.
# For more information, please see the documentation at:
#   https://docs.haskellstack.org/en/stable/lock_files

packages:
- completed:
    hackage: mysql-haskell-0.8.4.3@sha256:d3ca21ae8cc88670f8adb17c7cacb8bb770f1a58d60b5bff346d1f3fc843d98c,3489
    pantry-tree:
      size: 1754
      sha256: c974f4d4f24bb7e17d633301a442a0a5162d30e163cad618a961d61192b6debc
  original:
    hackage: mysql-haskell-0.8.4.3
- completed:
    hackage: text-1.2.4.1@sha256:e12b468008b3c2bbc1f39bd2dcb75ba8f563c65aa5e54ee223b76463a845b6f1,7184
    pantry-tree:
      size: 7720
      sha256: b1fd81329340a9c6eea4e78313d36c6a333a5de6032ec1536ff6c70a4300b46c
  original:
    hackage: text-1.2.4.1
- completed:
    hackage: time-1.9.3@sha256:8f1b5448722a12a952248b356c9eb366e351226543d9086a2da71270522d5f45,5679
    pantry-tree:
      size: 6558
      sha256: a1043c1719491764f0fa37a1fd70d9451080548a41632fee88d8e1b8db4942d6
  original:
    hackage: time-1.9.3
- completed:
    hackage: bytestring-0.10.10.0@sha256:6031d86e4fd6419ad2ea05ecc008188dd64ed6c18f09556c86dd4c80d2a5f626,8961
    pantry-tree:
      size: 2788
      sha256: 3705db25ef7caf442697b8e6fc8d5250096c1d8b1908233985773fe0c0c1a97e
  original:
    hackage: bytestring-0.10.10.0
- completed:
    hackage: haskeline-0.8.1.2@sha256:4ab68cea3baacda5f808feb88ea9863a4ef0dadcadfb9d53a3f66b2f13a4b618,5827
    pantry-tree:
      size: 2955
      sha256: ccb0f712282adaec4beb71452862bcc147d89b02430f1fe153ddc9cc29816d1e
  original:
    hackage: haskeline-0.8.1.2
- completed:
    hackage: utf8-string-1.0.2@sha256:79416292186feeaf1f60e49ac5a1ffae9bf1b120e040a74bf0e81ca7f1d31d3f,1538
    pantry-tree:
      size: 601
      sha256: 0863c3c9b6ee24dd38873c62e38ac46dd50aff2ea6b362beadf7f9b4a273c75f
  original:
    hackage: utf8-string-1.0.2
- completed:
    hackage: binary-0.8.7.0@sha256:ae3e6cca723ac55c54bbb3fa771bcf18142bc727afd57818e66d6ee6c8044f12,7705
    pantry-tree:
      size: 1976
      sha256: 35e44b6d3ccf0d56fc5407dc3f0895e74696a66da189afbd65973c95743f5e25
  original:
    hackage: binary-0.8.7.0
- completed:
    hackage: pretty-1.1.3.6@sha256:e16ffc733e816cfc09e99cc7f2398805f1f4c872d238a6b81668b5527284b382,2482
    pantry-tree:
      size: 1308
      sha256: 9f62289797600d7121862309c306a3b495f872dccfe3d5c4bdeaf85d5ad12dd7
  original:
    hackage: pretty-1.1.3.6
- completed:
    hackage: io-streams-1.5.2.0@sha256:d610cef25b73a7d80a9d40a1e21fba74e97d4c2f78e97f92f7a286fd8a6c8ab5,9836
    pantry-tree:
      size: 3465
      sha256: d326ce043f718bdc9c31421d28f08442595c537d264f450a66a9400cd3c471e9
  original:
    hackage: io-streams-1.5.2.0@sha256:d610cef25b73a7d80a9d40a1e21fba74e97d4c2f78e97f92f7a286fd8a6c8ab5,9836
- completed:
    hackage: tcp-streams-1.0.1.1@sha256:35e9ecfa515797052f8c3c01834d2daebd5e93f3152c7fc98b32652bf6f0c052,2329
    pantry-tree:
      size: 1004
      sha256: 572071fca40a0b6c4cc950d10277a6f12e83cf4846882b6ef83fcccaa2c18c45
  original:
    hackage: tcp-streams-1.0.1.1@sha256:35e9ecfa515797052f8c3c01834d2daebd5e93f3152c7fc98b32652bf6f0c052,2329
- completed:
    hackage: wire-streams-0.1.1.0@sha256:08816c7fa53b20f52e5c465252c106d9de8e6d9580ec0b6d9f000a34c7bcefc8,2130
    pantry-tree:
      size: 506
      sha256: c99a12bfcbeacc5da8f166fbed1eb105a45f08be1a3a071fe9f903b386b14e1d
  original:
    hackage: wire-streams-0.1.1.0@sha256:08816c7fa53b20f52e5c465252c106d9de8e6d9580ec0b6d9f000a34c7bcefc8,2130
- completed:
    hackage: directory-1.3.6.1@sha256:8878947a9f521c0f2ed02cea7c4b3d90a1c16154e559858f8c2bb81b14ae7c92,2940
    pantry-tree:
      size: 3433
      sha256: 7602bce4e5a3ed7bee77be1aeba4cdabf02d1575c6e515d383c851cd8fb7caa2
  original:
    hackage: directory-1.3.6.1
- completed:
    hackage: process-1.6.11.0@sha256:472c51a8903b55b1b423e7e4050facd1dce5e323fd81e5953f02ca500bb9d58c,2819
    pantry-tree:
      size: 1283
      sha256: ff658d75f142515e99bd057382204452445b8e2c1e8003acfd6a30637f42293a
  original:
    hackage: process-1.6.11.0
snapshots:
- completed:
    size: 567037
    url: https://raw.githubusercontent.com/commercialhaskell/stackage-snapshots/master/lts/17/9.yaml
    sha256: d7d8d5106e53d1669964bd8bd2b0f88a5ad192d772f5376384b76738fd992311
  original:
    url: https://raw.githubusercontent.com/commercialhaskell/stackage-snapshots/master/lts/17/9.yaml
